// !$*UTF8*$!
{
	archiveVersion = 1;
	classes = {
	};
	objectVersion = 56;
	objects = {

/* Begin PBXBuildFile section */
		31474BD729F42E23004EF076 /* personalApp.swift in Sources */ = {isa = PBXBuildFile; fileRef = 31474BD629F42E23004EF076 /* personalApp.swift */; };
		31474BD929F42E23004EF076 /* ContentView.swift in Sources */ = {isa = PBXBuildFile; fileRef = 31474BD829F42E23004EF076 /* ContentView.swift */; };
		31474BDB29F42E24004EF076 /* Assets.xcassets in Resources */ = {isa = PBXBuildFile; fileRef = 31474BDA29F42E24004EF076 /* Assets.xcassets */; };
		31474BDE29F42E24004EF076 /* Preview Assets.xcassets in Resources */ = {isa = PBXBuildFile; fileRef = 31474BDD29F42E24004EF076 /* Preview Assets.xcassets */; };
		31474BE829F42E24004EF076 /* personalTests.swift in Sources */ = {isa = PBXBuildFile; fileRef = 31474BE729F42E24004EF076 /* personalTests.swift */; };
		31474BF229F42E24004EF076 /* personalUITests.swift in Sources */ = {isa = PBXBuildFile; fileRef = 31474BF129F42E24004EF076 /* personalUITests.swift */; };
		31474BF429F42E24004EF076 /* personalUITestsLaunchTests.swift in Sources */ = {isa = PBXBuildFile; fileRef = 31474BF329F42E24004EF076 /* personalUITestsLaunchTests.swift */; };
/* End PBXBuildFile section */

/* Begin PBXContainerItemProxy section */
		31474BE429F42E24004EF076 /* PBXContainerItemProxy */ = {
			isa = PBXContainerItemProxy;
			containerPortal = 31474BCB29F42E23004EF076 /* Project object */;
			proxyType = 1;
			remoteGlobalIDString = 31474BD229F42E23004EF076;
			remoteInfo = personal;
		};
		31474BEE29F42E24004EF076 /* PBXContainerItemProxy */ = {
			isa = PBXContainerItemProxy;
			containerPortal = 31474BCB29F42E23004EF076 /* Project object */;
			proxyType = 1;
			remoteGlobalIDString = 31474BD229F42E23004EF076;
			remoteInfo = personal;
		};
/* End PBXContainerItemProxy section */

/* Begin PBXFileReference section */
		31474BD329F42E23004EF076 /* personal.app */ = {isa = PBXFileReference; explicitFileType = wrapper.application; includeInIndex = 0; path = personal.app; sourceTree = BUILT_PRODUCTS_DIR; };
		31474BD629F42E23004EF076 /* personalApp.swift */ = {isa = PBXFileReference; lastKnownFileType = sourcecode.swift; path = personalApp.swift; sourceTree = "<group>"; };
		31474BD829F42E23004EF076 /* ContentView.swift */ = {isa = PBXFileReference; lastKnownFileType = sourcecode.swift; path = ContentView.swift; sourceTree = "<group>"; };
		31474BDA29F42E24004EF076 /* Assets.xcassets */ = {isa = PBXFileReference; lastKnownFileType = folder.assetcatalog; path = Assets.xcassets; sourceTree = "<group>"; };
		31474BDD29F42E24004EF076 /* Preview Assets.xcassets */ = {isa = PBXFileReference; lastKnownFileType = folder.assetcatalog; path = "Preview Assets.xcassets"; sourceTree = "<group>"; };
		31474BE329F42E24004EF076 /* personalTests.xctest */ = {isa = PBXFileReference; explicitFileType = wrapper.cfbundle; includeInIndex = 0; path = personalTests.xctest; sourceTree = BUILT_PRODUCTS_DIR; };
		31474BE729F42E24004EF076 /* personalTests.swift */ = {isa = PBXFileReference; lastKnownFileType = sourcecode.swift; path = personalTests.swift; sourceTree = "<group>"; };
		31474BED29F42E24004EF076 /* personalUITests.xctest */ = {isa = PBXFileReference; explicitFileType = wrapper.cfbundle; includeInIndex = 0; path = personalUITests.xctest; sourceTree = BUILT_PRODUCTS_DIR; };
		31474BF129F42E24004EF076 /* personalUITests.swift */ = {isa = PBXFileReference; lastKnownFileType = sourcecode.swift; path = personalUITests.swift; sourceTree = "<group>"; };
		31474BF329F42E24004EF076 /* personalUITestsLaunchTests.swift */ = {isa = PBXFileReference; lastKnownFileType = sourcecode.swift; path = personalUITestsLaunchTests.swift; sourceTree = "<group>"; };
/* End PBXFileReference section */

/* Begin PBXFrameworksBuildPhase section */
		31474BD029F42E23004EF076 /* Frameworks */ = {
			isa = PBXFrameworksBuildPhase;
			buildActionMask = 2147483647;
			files = (
			);
			runOnlyForDeploymentPostprocessing = 0;
		};
		31474BE029F42E24004EF076 /* Frameworks */ = {
			isa = PBXFrameworksBuildPhase;
			buildActionMask = 2147483647;
			files = (
			);
			runOnlyForDeploymentPostprocessing = 0;
		};
		31474BEA29F42E24004EF076 /* Frameworks */ = {
			isa = PBXFrameworksBuildPhase;
			buildActionMask = 2147483647;
			files = (
			);
			runOnlyForDeploymentPostprocessing = 0;
		};
/* End PBXFrameworksBuildPhase section */

/* Begin PBXGroup section */
		31474BCA29F42E23004EF076 = {
			isa = PBXGroup;
			children = (
				31474BD529F42E23004EF076 /* personal */,
				31474BE629F42E24004EF076 /* personalTests */,
				31474BF029F42E24004EF076 /* personalUITests */,
				31474BD429F42E23004EF076 /* Products */,
			);
			sourceTree = "<group>";
		};
		31474BD429F42E23004EF076 /* Products */ = {
			isa = PBXGroup;
			children = (
				31474BD329F42E23004EF076 /* personal.app */,
				31474BE329F42E24004EF076 /* personalTests.xctest */,
				31474BED29F42E24004EF076 /* personalUITests.xctest */,
			);
			name = Products;
			sourceTree = "<group>";
		};
		31474BD529F42E23004EF076 /* personal */ = {
			isa = PBXGroup;
			children = (
				31474BD629F42E23004EF076 /* personalApp.swift */,
				31474BD829F42E23004EF076 /* ContentView.swift */,
				31474BDA29F42E24004EF076 /* Assets.xcassets */,
				31474BDC29F42E24004EF076 /* Preview Content */,
			);
			path = personal;
			sourceTree = "<group>";
		};
		31474BDC29F42E24004EF076 /* Preview Content */ = {
			isa = PBXGroup;
			children = (
				31474BDD29F42E24004EF076 /* Preview Assets.xcassets */,
			);
			path = "Preview Content";
			sourceTree = "<group>";
		};
		31474BE629F42E24004EF076 /* personalTests */ = {
			isa = PBXGroup;
			children = (
				31474BE729F42E24004EF076 /* personalTests.swift */,
			);
			path = personalTests;
			sourceTree = "<group>";
		};
		31474BF029F42E24004EF076 /* personalUITests */ = {
			isa = PBXGroup;
			children = (
				31474BF129F42E24004EF076 /* personalUITests.swift */,
				31474BF329F42E24004EF076 /* personalUITestsLaunchTests.swift */,
			);
			path = personalUITests;
			sourceTree = "<group>";
		};
/* End PBXGroup section */

/* Begin PBXNativeTarget section */
		31474BD229F42E23004EF076 /* personal */ = {
			isa = PBXNativeTarget;
			buildConfigurationList = 31474BF729F42E24004EF076 /* Build configuration list for PBXNativeTarget "personal" */;
			buildPhases = (
				31474BCF29F42E23004EF076 /* Sources */,
				31474BD029F42E23004EF076 /* Frameworks */,
				31474BD129F42E23004EF076 /* Resources */,
			);
			buildRules = (
			);
			dependencies = (
			);
			name = personal;
			productName = personal;
			productReference = 31474BD329F42E23004EF076 /* personal.app */;
			productType = "com.apple.product-type.application";
		};
		31474BE229F42E24004EF076 /* personalTests */ = {
			isa = PBXNativeTarget;
			buildConfigurationList = 31474BFA29F42E24004EF076 /* Build configuration list for PBXNativeTarget "personalTests" */;
			buildPhases = (
				31474BDF29F42E24004EF076 /* Sources */,
				31474BE029F42E24004EF076 /* Frameworks */,
				31474BE129F42E24004EF076 /* Resources */,
			);
			buildRules = (
			);
			dependencies = (
				31474BE529F42E24004EF076 /* PBXTargetDependency */,
			);
			name = personalTests;
			productName = personalTests;
			productReference = 31474BE329F42E24004EF076 /* personalTests.xctest */;
			productType = "com.apple.product-type.bundle.unit-test";
		};
		31474BEC29F42E24004EF076 /* personalUITests */ = {
			isa = PBXNativeTarget;
			buildConfigurationList = 31474BFD29F42E24004EF076 /* Build configuration list for PBXNativeTarget "personalUITests" */;
			buildPhases = (
				31474BE929F42E24004EF076 /* Sources */,
				31474BEA29F42E24004EF076 /* Frameworks */,
				31474BEB29F42E24004EF076 /* Resources */,
			);
			buildRules = (
			);
			dependencies = (
				31474BEF29F42E24004EF076 /* PBXTargetDependency */,
			);
			name = personalUITests;
			productName = personalUITests;
			productReference = 31474BED29F42E24004EF076 /* personalUITests.xctest */;
			productType = "com.apple.product-type.bundle.ui-testing";
		};
/* End PBXNativeTarget section */

/* Begin PBXProject section */
		31474BCB29F42E23004EF076 /* Project object */ = {
			isa = PBXProject;
			attributes = {
				BuildIndependentTargetsInParallel = 1;
				LastSwiftUpdateCheck = 1410;
				LastUpgradeCheck = 1410;
				TargetAttributes = {
					31474BD229F42E23004EF076 = {
						CreatedOnToolsVersion = 14.1;
					};
					31474BE229F42E24004EF076 = {
						CreatedOnToolsVersion = 14.1;
						TestTargetID = 31474BD229F42E23004EF076;
					};
					31474BEC29F42E24004EF076 = {
						CreatedOnToolsVersion = 14.1;
						TestTargetID = 31474BD229F42E23004EF076;
					};
				};
			};
			buildConfigurationList = 31474BCE29F42E23004EF076 /* Build configuration list for PBXProject "personal" */;
			compatibilityVersion = "Xcode 14.0";
			developmentRegion = en;
			hasScannedForEncodings = 0;
			knownRegions = (
				en,
				Base,
			);
			mainGroup = 31474BCA29F42E23004EF076;
			productRefGroup = 31474BD429F42E23004EF076 /* Products */;
			projectDirPath = "";
			projectRoot = "";
			targets = (
				31474BD229F42E23004EF076 /* personal */,
				31474BE229F42E24004EF076 /* personalTests */,
				31474BEC29F42E24004EF076 /* personalUITests */,
			);
		};
/* End PBXProject section */

/* Begin PBXResourcesBuildPhase section */
		31474BD129F42E23004EF076 /* Resources */ = {
			isa = PBXResourcesBuildPhase;
			buildActionMask = 2147483647;
			files = (
				31474BDE29F42E24004EF076 /* Preview Assets.xcassets in Resources */,
				31474BDB29F42E24004EF076 /* Assets.xcassets in Resources */,
			);
			runOnlyForDeploymentPostprocessing = 0;
		};
		31474BE129F42E24004EF076 /* Resources */ = {
			isa = PBXResourcesBuildPhase;
			buildActionMask = 2147483647;
			files = (
			);
			runOnlyForDeploymentPostprocessing = 0;
		};
		31474BEB29F42E24004EF076 /* Resources */ = {
			isa = PBXResourcesBuildPhase;
			buildActionMask = 2147483647;
			files = (
			);
			runOnlyForDeploymentPostprocessing = 0;
		};
/* End PBXResourcesBuildPhase section */

/* Begin PBXSourcesBuildPhase section */
		31474BCF29F42E23004EF076 /* Sources */ = {
			isa = PBXSourcesBuildPhase;
			buildActionMask = 2147483647;
			files = (
				31474BD929F42E23004EF076 /* ContentView.swift in Sources */,
				31474BD729F42E23004EF076 /* personalApp.swift in Sources */,
			);
			runOnlyForDeploymentPostprocessing = 0;
		};
		31474BDF29F42E24004EF076 /* Sources */ = {
			isa = PBXSourcesBuildPhase;
			buildActionMask = 2147483647;
			files = (
				31474BE829F42E24004EF076 /* personalTests.swift in Sources */,
			);
			runOnlyForDeploymentPostprocessing = 0;
		};
		31474BE929F42E24004EF076 /* Sources */ = {
			isa = PBXSourcesBuildPhase;
			buildActionMask = 2147483647;
			files = (
				31474BF429F42E24004EF076 /* personalUITestsLaunchTests.swift in Sources */,
				31474BF229F42E24004EF076 /* personalUITests.swift in Sources */,
			);
			runOnlyForDeploymentPostprocessing = 0;
		};
/* End PBXSourcesBuildPhase section */

/* Begin PBXTargetDependency section */
		31474BE529F42E24004EF076 /* PBXTargetDependency */ = {
			isa = PBXTargetDependency;
			target = 31474BD229F42E23004EF076 /* personal */;
			targetProxy = 31474BE429F42E24004EF076 /* PBXContainerItemProxy */;
		};
		31474BEF29F42E24004EF076 /* PBXTargetDependency */ = {
			isa = PBXTargetDependency;
			target = 31474BD229F42E23004EF076 /* personal */;
			targetProxy = 31474BEE29F42E24004EF076 /* PBXContainerItemProxy */;
		};
/* End PBXTargetDependency section */

/* Begin XCBuildConfiguration section */
		31474BF529F42E24004EF076 /* Debug */ = {
			isa = XCBuildConfiguration;
			buildSettings = {
				ALWAYS_SEARCH_USER_PATHS = NO;
				CLANG_ANALYZER_NONNULL = YES;
				CLANG_ANALYZER_NUMBER_OBJECT_CONVERSION = YES_AGGRESSIVE;
				CLANG_CXX_LANGUAGE_STANDARD = "gnu++20";
				CLANG_ENABLE_MODULES = YES;
				CLANG_ENABLE_OBJC_ARC = YES;
				CLANG_ENABLE_OBJC_WEAK = YES;
				CLANG_WARN_BLOCK_CAPTURE_AUTORELEASING = YES;
				CLANG_WARN_BOOL_CONVERSION = YES;
				CLANG_WARN_COMMA = YES;
				CLANG_WARN_CONSTANT_CONVERSION = YES;
				CLANG_WARN_DEPRECATED_OBJC_IMPLEMENTATIONS = YES;
				CLANG_WARN_DIRECT_OBJC_ISA_USAGE = YES_ERROR;
				CLANG_WARN_DOCUMENTATION_COMMENTS = YES;
				CLANG_WARN_EMPTY_BODY = YES;
				CLANG_WARN_ENUM_CONVERSION = YES;
				CLANG_WARN_INFINITE_RECURSION = YES;
				CLANG_WARN_INT_CONVERSION = YES;
				CLANG_WARN_NON_LITERAL_NULL_CONVERSION = YES;
				CLANG_WARN_OBJC_IMPLICIT_RETAIN_SELF = YES;
				CLANG_WARN_OBJC_LITERAL_CONVERSION = YES;
				CLANG_WARN_OBJC_ROOT_CLASS = YES_ERROR;
				CLANG_WARN_QUOTED_INCLUDE_IN_FRAMEWORK_HEADER = YES;
				CLANG_WARN_RANGE_LOOP_ANALYSIS = YES;
				CLANG_WARN_STRICT_PROTOTYPES = YES;
				CLANG_WARN_SUSPICIOUS_MOVE = YES;
				CLANG_WARN_UNGUARDED_AVAILABILITY = YES_AGGRESSIVE;
				CLANG_WARN_UNREACHABLE_CODE = YES;
				CLANG_WARN__DUPLICATE_METHOD_MATCH = YES;
				COPY_PHASE_STRIP = NO;
				DEBUG_INFORMATION_FORMAT = dwarf;
				ENABLE_STRICT_OBJC_MSGSEND = YES;
				ENABLE_TESTABILITY = YES;
				GCC_C_LANGUAGE_STANDARD = gnu11;
				GCC_DYNAMIC_NO_PIC = NO;
				GCC_NO_COMMON_BLOCKS = YES;
				GCC_OPTIMIZATION_LEVEL = 0;
				GCC_PREPROCESSOR_DEFINITIONS = (
					"DEBUG=1",
					"$(inherited)",
				);
				GCC_WARN_64_TO_32_BIT_CONVERSION = YES;
				GCC_WARN_ABOUT_RETURN_TYPE = YES_ERROR;
				GCC_WARN_UNDECLARED_SELECTOR = YES;
				GCC_WARN_UNINITIALIZED_AUTOS = YES_AGGRESSIVE;
				GCC_WARN_UNUSED_FUNCTION = YES;
				GCC_WARN_UNUSED_VARIABLE = YES;
				IPHONEOS_DEPLOYMENT_TARGET = 16.1;
				MTL_ENABLE_DEBUG_INFO = INCLUDE_SOURCE;
				MTL_FAST_MATH = YES;
				ONLY_ACTIVE_ARCH = YES;
				SDKROOT = iphoneos;
				SWIFT_ACTIVE_COMPILATION_CONDITIONS = DEBUG;
				SWIFT_OPTIMIZATION_LEVEL = "-Onone";
			};
			name = Debug;
		};
		31474BF629F42E24004EF076 /* Release */ = {
			isa = XCBuildConfiguration;
			buildSettings = {
				ALWAYS_SEARCH_USER_PATHS = NO;
				CLANG_ANALYZER_NONNULL = YES;
				CLANG_ANALYZER_NUMBER_OBJECT_CONVERSION = YES_AGGRESSIVE;
				CLANG_CXX_LANGUAGE_STANDARD = "gnu++20";
				CLANG_ENABLE_MODULES = YES;
				CLANG_ENABLE_OBJC_ARC = YES;
				CLANG_ENABLE_OBJC_WEAK = YES;
				CLANG_WARN_BLOCK_CAPTURE_AUTORELEASING = YES;
				CLANG_WARN_BOOL_CONVERSION = YES;
				CLANG_WARN_COMMA = YES;
				CLANG_WARN_CONSTANT_CONVERSION = YES;
				CLANG_WARN_DEPRECATED_OBJC_IMPLEMENTATIONS = YES;
				CLANG_WARN_DIRECT_OBJC_ISA_USAGE = YES_ERROR;
				CLANG_WARN_DOCUMENTATION_COMMENTS = YES;
				CLANG_WARN_EMPTY_BODY = YES;
				CLANG_WARN_ENUM_CONVERSION = YES;
				CLANG_WARN_INFINITE_RECURSION = YES;
				CLANG_WARN_INT_CONVERSION = YES;
				CLANG_WARN_NON_LITERAL_NULL_CONVERSION = YES;
				CLANG_WARN_OBJC_IMPLICIT_RETAIN_SELF = YES;
				CLANG_WARN_OBJC_LITERAL_CONVERSION = YES;
				CLANG_WARN_OBJC_ROOT_CLASS = YES_ERROR;
				CLANG_WARN_QUOTED_INCLUDE_IN_FRAMEWORK_HEADER = YES;
				CLANG_WARN_RANGE_LOOP_ANALYSIS = YES;
				CLANG_WARN_STRICT_PROTOTYPES = YES;
				CLANG_WARN_SUSPICIOUS_MOVE = YES;
				CLANG_WARN_UNGUARDED_AVAILABILITY = YES_AGGRESSIVE;
				CLANG_WARN_UNREACHABLE_CODE = YES;
				CLANG_WARN__DUPLICATE_METHOD_MATCH = YES;
				COPY_PHASE_STRIP = NO;
				DEBUG_INFORMATION_FORMAT = "dwarf-with-dsym";
				ENABLE_NS_ASSERTIONS = NO;
				ENABLE_STRICT_OBJC_MSGSEND = YES;
				GCC_C_LANGUAGE_STANDARD = gnu11;
				GCC_NO_COMMON_BLOCKS = YES;
				GCC_WARN_64_TO_32_BIT_CONVERSION = YES;
				GCC_WARN_ABOUT_RETURN_TYPE = YES_ERROR;
				GCC_WARN_UNDECLARED_SELECTOR = YES;
				GCC_WARN_UNINITIALIZED_AUTOS = YES_AGGRESSIVE;
				GCC_WARN_UNUSED_FUNCTION = YES;
				GCC_WARN_UNUSED_VARIABLE = YES;
				IPHONEOS_DEPLOYMENT_TARGET = 16.1;
				MTL_ENABLE_DEBUG_INFO = NO;
				MTL_FAST_MATH = YES;
				SDKROOT = iphoneos;
				SWIFT_COMPILATION_MODE = wholemodule;
				SWIFT_OPTIMIZATION_LEVEL = "-O";
				VALIDATE_PRODUCT = YES;
			};
			name = Release;
		};
		31474BF829F42E24004EF076 /* Debug */ = {
			isa = XCBuildConfiguration;
			buildSettings = {
				ASSETCATALOG_COMPILER_APPICON_NAME = AppIcon;
				ASSETCATALOG_COMPILER_GLOBAL_ACCENT_COLOR_NAME = AccentColor;
				CODE_SIGN_STYLE = Automatic;
				CURRENT_PROJECT_VERSION = 1;
				DEVELOPMENT_ASSET_PATHS = "\"personal/Preview Content\"";
				DEVELOPMENT_TEAM = MDCX74S57Z;
				ENABLE_PREVIEWS = YES;
				GENERATE_INFOPLIST_FILE = YES;
				INFOPLIST_KEY_UIApplicationSceneManifest_Generation = YES;
				INFOPLIST_KEY_UIApplicationSupportsIndirectInputEvents = YES;
				INFOPLIST_KEY_UILaunchScreen_Generation = YES;
				INFOPLIST_KEY_UISupportedInterfaceOrientations_iPad = "UIInterfaceOrientationPortrait UIInterfaceOrientationPortraitUpsideDown UIInterfaceOrientationLandscapeLeft UIInterfaceOrientationLandscapeRight";
				INFOPLIST_KEY_UISupportedInterfaceOrientations_iPhone = "UIInterfaceOrientationPortrait UIInterfaceOrientationLandscapeLeft UIInterfaceOrientationLandscapeRight";
				LD_RUNPATH_SEARCH_PATHS = (
					"$(inherited)",
					"@executable_path/Frameworks",
				);
				MARKETING_VERSION = 1.0;
				PRODUCT_BUNDLE_IDENTIFIER = com.mayorga.personal;
				PRODUCT_NAME = "$(TARGET_NAME)";
				SWIFT_EMIT_LOC_STRINGS = YES;
				SWIFT_VERSION = 5.0;
				TARGETED_DEVICE_FAMILY = "1,2";
			};
			name = Debug;
		};
		31474BF929F42E24004EF076 /* Release */ = {
			isa = XCBuildConfiguration;
			buildSettings = {
				ASSETCATALOG_COMPILER_APPICON_NAME = AppIcon;
				ASSETCATALOG_COMPILER_GLOBAL_ACCENT_COLOR_NAME = AccentColor;
				CODE_SIGN_STYLE = Automatic;
				CURRENT_PROJECT_VERSION = 1;
				DEVELOPMENT_ASSET_PATHS = "\"personal/Preview Content\"";
				DEVELOPMENT_TEAM = MDCX74S57Z;
				ENABLE_PREVIEWS = YES;
				GENERATE_INFOPLIST_FILE = YES;
				INFOPLIST_KEY_UIApplicationSceneManifest_Generation = YES;
				INFOPLIST_KEY_UIApplicationSupportsIndirectInputEvents = YES;
				INFOPLIST_KEY_UILaunchScreen_Generation = YES;
				INFOPLIST_KEY_UISupportedInterfaceOrientations_iPad = "UIInterfaceOrientationPortrait UIInterfaceOrientationPortraitUpsideDown UIInterfaceOrientationLandscapeLeft UIInterfaceOrientationLandscapeRight";
				INFOPLIST_KEY_UISupportedInterfaceOrientations_iPhone = "UIInterfaceOrientationPortrait UIInterfaceOrientationLandscapeLeft UIInterfaceOrientationLandscapeRight";
				LD_RUNPATH_SEARCH_PATHS = (
					"$(inherited)",
					"@executable_path/Frameworks",
				);
				MARKETING_VERSION = 1.0;
				PRODUCT_BUNDLE_IDENTIFIER = com.mayorga.personal;
				PRODUCT_NAME = "$(TARGET_NAME)";
				SWIFT_EMIT_LOC_STRINGS = YES;
				SWIFT_VERSION = 5.0;
				TARGETED_DEVICE_FAMILY = "1,2";
			};
			name = Release;
		};
		31474BFB29F42E24004EF076 /* Debug */ = {
			isa = XCBuildConfiguration;
			buildSettings = {
				ALWAYS_EMBED_SWIFT_STANDARD_LIBRARIES = YES;
				BUNDLE_LOADER = "$(TEST_HOST)";
				CODE_SIGN_STYLE = Automatic;
				CURRENT_PROJECT_VERSION = 1;
				DEVELOPMENT_TEAM = MDCX74S57Z;
				GENERATE_INFOPLIST_FILE = YES;
				IPHONEOS_DEPLOYMENT_TARGET = 16.1;
				MARKETING_VERSION = 1.0;
				PRODUCT_BUNDLE_IDENTIFIER = com.mayorga.personalTests;
				PRODUCT_NAME = "$(TARGET_NAME)";
				SWIFT_EMIT_LOC_STRINGS = NO;
				SWIFT_VERSION = 5.0;
				TARGETED_DEVICE_FAMILY = "1,2";
				TEST_HOST = "$(BUILT_PRODUCTS_DIR)/personal.app/$(BUNDLE_EXECUTABLE_FOLDER_PATH)/personal";
			};
			name = Debug;
		};
		31474BFC29F42E24004EF076 /* Release */ = {
			isa = XCBuildConfiguration;
			buildSettings = {
				ALWAYS_EMBED_SWIFT_STANDARD_LIBRARIES = YES;
				BUNDLE_LOADER = "$(TEST_HOST)";
				CODE_SIGN_STYLE = Automatic;
				CURRENT_PROJECT_VERSION = 1;
				DEVELOPMENT_TEAM = MDCX74S57Z;
				GENERATE_INFOPLIST_FILE = YES;
				IPHONEOS_DEPLOYMENT_TARGET = 16.1;
				MARKETING_VERSION = 1.0;
				PRODUCT_BUNDLE_IDENTIFIER = com.mayorga.personalTests;
				PRODUCT_NAME = "$(TARGET_NAME)";
				SWIFT_EMIT_LOC_STRINGS = NO;
				SWIFT_VERSION = 5.0;
				TARGETED_DEVICE_FAMILY = "1,2";
				TEST_HOST = "$(BUILT_PRODUCTS_DIR)/personal.app/$(BUNDLE_EXECUTABLE_FOLDER_PATH)/personal";
			};
			name = Release;
		};
		31474BFE29F42E24004EF076 /* Debug */ = {
			isa = XCBuildConfiguration;
			buildSettings = {
				ALWAYS_EMBED_SWIFT_STANDARD_LIBRARIES = YES;
				CODE_SIGN_STYLE = Automatic;
				CURRENT_PROJECT_VERSION = 1;
				DEVELOPMENT_TEAM = MDCX74S57Z;
				GENERATE_INFOPLIST_FILE = YES;
				MARKETING_VERSION = 1.0;
				PRODUCT_BUNDLE_IDENTIFIER = com.mayorga.personalUITests;
				PRODUCT_NAME = "$(TARGET_NAME)";
				SWIFT_EMIT_LOC_STRINGS = NO;
				SWIFT_VERSION = 5.0;
				TARGETED_DEVICE_FAMILY = "1,2";
				TEST_TARGET_NAME = personal;
			};
			name = Debug;
		};
		31474BFF29F42E24004EF076 /* Release */ = {
			isa = XCBuildConfiguration;
			buildSettings = {
				ALWAYS_EMBED_SWIFT_STANDARD_LIBRARIES = YES;
				CODE_SIGN_STYLE = Automatic;
				CURRENT_PROJECT_VERSION = 1;
				DEVELOPMENT_TEAM = MDCX74S57Z;
				GENERATE_INFOPLIST_FILE = YES;
				MARKETING_VERSION = 1.0;
				PRODUCT_BUNDLE_IDENTIFIER = com.mayorga.personalUITests;
				PRODUCT_NAME = "$(TARGET_NAME)";
				SWIFT_EMIT_LOC_STRINGS = NO;
				SWIFT_VERSION = 5.0;
				TARGETED_DEVICE_FAMILY = "1,2";
				TEST_TARGET_NAME = personal;
			};
			name = Release;
		};
/* End XCBuildConfiguration section */

/* Begin XCConfigurationList section */
		31474BCE29F42E23004EF076 /* Build configuration list for PBXProject "personal" */ = {
			isa = XCConfigurationList;
			buildConfigurations = (
				31474BF529F42E24004EF076 /* Debug */,
				31474BF629F42E24004EF076 /* Release */,
			);
			defaultConfigurationIsVisible = 0;
			defaultConfigurationName = Release;
		};
		31474BF729F42E24004EF076 /* Build configuration list for PBXNativeTarget "personal" */ = {
			isa = XCConfigurationList;
			buildConfigurations = (
				31474BF829F42E24004EF076 /* Debug */,
				31474BF929F42E24004EF076 /* Release */,
			);
			defaultConfigurationIsVisible = 0;
			defaultConfigurationName = Release;
		};
		31474BFA29F42E24004EF076 /* Build configuration list for PBXNativeTarget "personalTests" */ = {
			isa = XCConfigurationList;
			buildConfigurations = (
				31474BFB29F42E24004EF076 /* Debug */,
				31474BFC29F42E24004EF076 /* Release */,
			);
			defaultConfigurationIsVisible = 0;
			defaultConfigurationName = Release;
		};
		31474BFD29F42E24004EF076 /* Build configuration list for PBXNativeTarget "personalUITests" */ = {
			isa = XCConfigurationList;
			buildConfigurations = (
				31474BFE29F42E24004EF076 /* Debug */,
				31474BFF29F42E24004EF076 /* Release */,
			);
			defaultConfigurationIsVisible = 0;
			defaultConfigurationName = Release;
		};
/* End XCConfigurationList section */
	};
	rootObject = 31474BCB29F42E23004EF076 /* Project object */;
}
